// !$*UTF8*$!
{
	archiveVersion = 1;
	classes = {
	};
	objectVersion = 56;
	objects = {

/* Begin PBXBuildFile section */
		9015EB1A29A353A5002F4E24 /* CoreDataProvider.swift in Sources */ = {isa = PBXBuildFile; fileRef = 9015EB1929A353A5002F4E24 /* CoreDataProvider.swift */; };
		9015EB1D29A35C0E002F4E24 /* RemindersModel.xcdatamodeld in Sources */ = {isa = PBXBuildFile; fileRef = 9015EB1B29A35C0E002F4E24 /* RemindersModel.xcdatamodeld */; };
		9015EB2029A35C68002F4E24 /* MyList+CoreData.swift in Sources */ = {isa = PBXBuildFile; fileRef = 9015EB1F29A35C68002F4E24 /* MyList+CoreData.swift */; };
		9015EB2729A49894002F4E24 /* AddNewListView.swift in Sources */ = {isa = PBXBuildFile; fileRef = 9015EB2629A49894002F4E24 /* AddNewListView.swift */; };
		9015EB2929A49A0D002F4E24 /* ColorPickerView.swift in Sources */ = {isa = PBXBuildFile; fileRef = 9015EB2829A49A0D002F4E24 /* ColorPickerView.swift */; };
		9028C00929C2422C002BBDBE /* ReminderListDetailView.swift in Sources */ = {isa = PBXBuildFile; fileRef = 9028C00829C2422C002BBDBE /* ReminderListDetailView.swift */; };
		9036BB7929C34CDC00E3EBA4 /* ReminderListView.swift in Sources */ = {isa = PBXBuildFile; fileRef = 9036BB7829C34CDC00E3EBA4 /* ReminderListView.swift */; };
		9039D60729C0995F00377E42 /* RemindersService.swift in Sources */ = {isa = PBXBuildFile; fileRef = 9039D60629C0995F00377E42 /* RemindersService.swift */; };
		9039D60A29C09AD800377E42 /* UIColorTransformer.swift in Sources */ = {isa = PBXBuildFile; fileRef = 9039D60929C09AD800377E42 /* UIColorTransformer.swift */; };
		9039D60C29C0A8CB00377E42 /* ReminderListsView.swift in Sources */ = {isa = PBXBuildFile; fileRef = 9039D60B29C0A8CB00377E42 /* ReminderListsView.swift */; };
		9039D60E29C0A9CE00377E42 /* ReminderListCellView.swift in Sources */ = {isa = PBXBuildFile; fileRef = 9039D60D29C0A9CE00377E42 /* ReminderListCellView.swift */; };
		9039D61029C0AAD500377E42 /* PreviewData.swift in Sources */ = {isa = PBXBuildFile; fileRef = 9039D60F29C0AAD500377E42 /* PreviewData.swift */; };
		905E6DEF29C39415005083C3 /* ReminderCellView.swift in Sources */ = {isa = PBXBuildFile; fileRef = 905E6DEE29C39415005083C3 /* ReminderCellView.swift */; };
		908D286D29C4E7AA004A7E7C /* ReminderDetailView.swift in Sources */ = {isa = PBXBuildFile; fileRef = 908D286C29C4E7AA004A7E7C /* ReminderDetailView.swift */; };
		908D286F29C4EAAF004A7E7C /* CustomOperators.swift in Sources */ = {isa = PBXBuildFile; fileRef = 908D286E29C4EAAF004A7E7C /* CustomOperators.swift */; };
		908D287129C4ECB8004A7E7C /* ReminderEditConfig.swift in Sources */ = {isa = PBXBuildFile; fileRef = 908D287029C4ECB8004A7E7C /* ReminderEditConfig.swift */; };
		9098C90F29A35109000B81DA /* RemindersApp.swift in Sources */ = {isa = PBXBuildFile; fileRef = 9098C90E29A35109000B81DA /* RemindersApp.swift */; };
		9098C91129A35109000B81DA /* HomeView.swift in Sources */ = {isa = PBXBuildFile; fileRef = 9098C91029A35109000B81DA /* HomeView.swift */; };
		9098C91329A3510A000B81DA /* Assets.xcassets in Resources */ = {isa = PBXBuildFile; fileRef = 9098C91229A3510A000B81DA /* Assets.xcassets */; };
		9098C91629A3510A000B81DA /* Preview Assets.xcassets in Resources */ = {isa = PBXBuildFile; fileRef = 9098C91529A3510A000B81DA /* Preview Assets.xcassets */; };
		90EEB6F529D1657E006D6CD5 /* SelectListView.swift in Sources */ = {isa = PBXBuildFile; fileRef = 90EEB6F429D1657E006D6CD5 /* SelectListView.swift */; };
/* End PBXBuildFile section */

/* Begin PBXFileReference section */
		9015EB1929A353A5002F4E24 /* CoreDataProvider.swift */ = {isa = PBXFileReference; fileEncoding = 4; lastKnownFileType = sourcecode.swift; path = CoreDataProvider.swift; sourceTree = "<group>"; };
		9015EB1C29A35C0E002F4E24 /* RemindersModel.xcdatamodel */ = {isa = PBXFileReference; lastKnownFileType = wrapper.xcdatamodel; path = RemindersModel.xcdatamodel; sourceTree = "<group>"; };
		9015EB1F29A35C68002F4E24 /* MyList+CoreData.swift */ = {isa = PBXFileReference; lastKnownFileType = sourcecode.swift; path = "MyList+CoreData.swift"; sourceTree = "<group>"; };
		9015EB2629A49894002F4E24 /* AddNewListView.swift */ = {isa = PBXFileReference; lastKnownFileType = sourcecode.swift; path = AddNewListView.swift; sourceTree = "<group>"; };
		9015EB2829A49A0D002F4E24 /* ColorPickerView.swift */ = {isa = PBXFileReference; lastKnownFileType = sourcecode.swift; path = ColorPickerView.swift; sourceTree = "<group>"; };
		9028C00829C2422C002BBDBE /* ReminderListDetailView.swift */ = {isa = PBXFileReference; lastKnownFileType = sourcecode.swift; path = ReminderListDetailView.swift; sourceTree = "<group>"; };
		9036BB7829C34CDC00E3EBA4 /* ReminderListView.swift */ = {isa = PBXFileReference; lastKnownFileType = sourcecode.swift; path = ReminderListView.swift; sourceTree = "<group>"; };
		9039D60629C0995F00377E42 /* RemindersService.swift */ = {isa = PBXFileReference; lastKnownFileType = sourcecode.swift; path = RemindersService.swift; sourceTree = "<group>"; };
		9039D60929C09AD800377E42 /* UIColorTransformer.swift */ = {isa = PBXFileReference; lastKnownFileType = sourcecode.swift; path = UIColorTransformer.swift; sourceTree = "<group>"; };
		9039D60B29C0A8CB00377E42 /* ReminderListsView.swift */ = {isa = PBXFileReference; lastKnownFileType = sourcecode.swift; path = ReminderListsView.swift; sourceTree = "<group>"; };
		9039D60D29C0A9CE00377E42 /* ReminderListCellView.swift */ = {isa = PBXFileReference; lastKnownFileType = sourcecode.swift; path = ReminderListCellView.swift; sourceTree = "<group>"; };
		9039D60F29C0AAD500377E42 /* PreviewData.swift */ = {isa = PBXFileReference; lastKnownFileType = sourcecode.swift; path = PreviewData.swift; sourceTree = "<group>"; };
		905E6DEE29C39415005083C3 /* ReminderCellView.swift */ = {isa = PBXFileReference; lastKnownFileType = sourcecode.swift; path = ReminderCellView.swift; sourceTree = "<group>"; };
		908D286C29C4E7AA004A7E7C /* ReminderDetailView.swift */ = {isa = PBXFileReference; lastKnownFileType = sourcecode.swift; path = ReminderDetailView.swift; sourceTree = "<group>"; };
		908D286E29C4EAAF004A7E7C /* CustomOperators.swift */ = {isa = PBXFileReference; lastKnownFileType = sourcecode.swift; path = CustomOperators.swift; sourceTree = "<group>"; };
		908D287029C4ECB8004A7E7C /* ReminderEditConfig.swift */ = {isa = PBXFileReference; lastKnownFileType = sourcecode.swift; path = ReminderEditConfig.swift; sourceTree = "<group>"; };
		9098C90B29A35109000B81DA /* RemindersApp.app */ = {isa = PBXFileReference; explicitFileType = wrapper.application; includeInIndex = 0; path = RemindersApp.app; sourceTree = BUILT_PRODUCTS_DIR; };
		9098C90E29A35109000B81DA /* RemindersApp.swift */ = {isa = PBXFileReference; lastKnownFileType = sourcecode.swift; path = RemindersApp.swift; sourceTree = "<group>"; };
		9098C91029A35109000B81DA /* HomeView.swift */ = {isa = PBXFileReference; lastKnownFileType = sourcecode.swift; path = HomeView.swift; sourceTree = "<group>"; };
		9098C91229A3510A000B81DA /* Assets.xcassets */ = {isa = PBXFileReference; lastKnownFileType = folder.assetcatalog; path = Assets.xcassets; sourceTree = "<group>"; };
		9098C91529A3510A000B81DA /* Preview Assets.xcassets */ = {isa = PBXFileReference; lastKnownFileType = folder.assetcatalog; path = "Preview Assets.xcassets"; sourceTree = "<group>"; };
		90EEB6F429D1657E006D6CD5 /* SelectListView.swift */ = {isa = PBXFileReference; lastKnownFileType = sourcecode.swift; path = SelectListView.swift; sourceTree = "<group>"; };
/* End PBXFileReference section */

/* Begin PBXFrameworksBuildPhase section */
		9098C90829A35109000B81DA /* Frameworks */ = {
			isa = PBXFrameworksBuildPhase;
			buildActionMask = 2147483647;
			files = (
			);
			runOnlyForDeploymentPostprocessing = 0;
		};
/* End PBXFrameworksBuildPhase section */

/* Begin PBXGroup section */
		9015EB1829A35399002F4E24 /* Providers */ = {
			isa = PBXGroup;
			children = (
				9015EB1929A353A5002F4E24 /* CoreDataProvider.swift */,
			);
			path = Providers;
			sourceTree = "<group>";
		};
		9015EB1E29A35C2E002F4E24 /* Models */ = {
			isa = PBXGroup;
			children = (
				9015EB1F29A35C68002F4E24 /* MyList+CoreData.swift */,
				908D287029C4ECB8004A7E7C /* ReminderEditConfig.swift */,
			);
			path = Models;
			sourceTree = "<group>";
		};
		9015EB2129A4973F002F4E24 /* Views */ = {
			isa = PBXGroup;
			children = (
				9098C91029A35109000B81DA /* HomeView.swift */,
				9039D60B29C0A8CB00377E42 /* ReminderListsView.swift */,
				9039D60D29C0A9CE00377E42 /* ReminderListCellView.swift */,
				9015EB2629A49894002F4E24 /* AddNewListView.swift */,
				9015EB2829A49A0D002F4E24 /* ColorPickerView.swift */,
				9028C00829C2422C002BBDBE /* ReminderListDetailView.swift */,
				9036BB7829C34CDC00E3EBA4 /* ReminderListView.swift */,
				905E6DEE29C39415005083C3 /* ReminderCellView.swift */,
				908D286C29C4E7AA004A7E7C /* ReminderDetailView.swift */,
				90EEB6F429D1657E006D6CD5 /* SelectListView.swift */,
			);
			path = Views;
			sourceTree = "<group>";
		};
		9039D60529C0994F00377E42 /* Services */ = {
			isa = PBXGroup;
			children = (
				9039D60629C0995F00377E42 /* RemindersService.swift */,
				908D286E29C4EAAF004A7E7C /* CustomOperators.swift */,
			);
			path = Services;
			sourceTree = "<group>";
		};
		9039D60829C09AA600377E42 /* Transformers */ = {
			isa = PBXGroup;
			children = (
				9039D60929C09AD800377E42 /* UIColorTransformer.swift */,
			);
			path = Transformers;
			sourceTree = "<group>";
		};
		9098C90229A35109000B81DA = {
			isa = PBXGroup;
			children = (
				9098C90D29A35109000B81DA /* RemindersApp */,
				9098C90C29A35109000B81DA /* Products */,
			);
			sourceTree = "<group>";
		};
		9098C90C29A35109000B81DA /* Products */ = {
			isa = PBXGroup;
			children = (
				9098C90B29A35109000B81DA /* RemindersApp.app */,
			);
			name = Products;
			sourceTree = "<group>";
		};
		9098C90D29A35109000B81DA /* RemindersApp */ = {
			isa = PBXGroup;
			children = (
				9039D60829C09AA600377E42 /* Transformers */,
				9039D60529C0994F00377E42 /* Services */,
				9015EB2129A4973F002F4E24 /* Views */,
				9015EB1E29A35C2E002F4E24 /* Models */,
				9015EB1829A35399002F4E24 /* Providers */,
				9098C90E29A35109000B81DA /* RemindersApp.swift */,
				9098C91229A3510A000B81DA /* Assets.xcassets */,
				9098C91429A3510A000B81DA /* Preview Content */,
				9015EB1B29A35C0E002F4E24 /* RemindersModel.xcdatamodeld */,
			);
			path = RemindersApp;
			sourceTree = "<group>";
		};
		9098C91429A3510A000B81DA /* Preview Content */ = {
			isa = PBXGroup;
			children = (
				9098C91529A3510A000B81DA /* Preview Assets.xcassets */,
				9039D60F29C0AAD500377E42 /* PreviewData.swift */,
			);
			path = "Preview Content";
			sourceTree = "<group>";
		};
/* End PBXGroup section */

/* Begin PBXNativeTarget section */
		9098C90A29A35109000B81DA /* RemindersApp */ = {
			isa = PBXNativeTarget;
			buildConfigurationList = 9098C91929A3510A000B81DA /* Build configuration list for PBXNativeTarget "RemindersApp" */;
			buildPhases = (
				9098C90729A35109000B81DA /* Sources */,
				9098C90829A35109000B81DA /* Frameworks */,
				9098C90929A35109000B81DA /* Resources */,
			);
			buildRules = (
			);
			dependencies = (
			);
			name = RemindersApp;
			productName = RemindersApp;
			productReference = 9098C90B29A35109000B81DA /* RemindersApp.app */;
			productType = "com.apple.product-type.application";
		};
/* End PBXNativeTarget section */

/* Begin PBXProject section */
		9098C90329A35109000B81DA /* Project object */ = {
			isa = PBXProject;
			attributes = {
				BuildIndependentTargetsInParallel = 1;
				LastSwiftUpdateCheck = 1420;
				LastUpgradeCheck = 1420;
				TargetAttributes = {
					9098C90A29A35109000B81DA = {
						CreatedOnToolsVersion = 14.2;
					};
				};
			};
			buildConfigurationList = 9098C90629A35109000B81DA /* Build configuration list for PBXProject "RemindersApp" */;
			compatibilityVersion = "Xcode 14.0";
			developmentRegion = en;
			hasScannedForEncodings = 0;
			knownRegions = (
				en,
				Base,
			);
			mainGroup = 9098C90229A35109000B81DA;
			productRefGroup = 9098C90C29A35109000B81DA /* Products */;
			projectDirPath = "";
			projectRoot = "";
			targets = (
				9098C90A29A35109000B81DA /* RemindersApp */,
			);
		};
/* End PBXProject section */

/* Begin PBXResourcesBuildPhase section */
		9098C90929A35109000B81DA /* Resources */ = {
			isa = PBXResourcesBuildPhase;
			buildActionMask = 2147483647;
			files = (
				9098C91629A3510A000B81DA /* Preview Assets.xcassets in Resources */,
				9098C91329A3510A000B81DA /* Assets.xcassets in Resources */,
			);
			runOnlyForDeploymentPostprocessing = 0;
		};
/* End PBXResourcesBuildPhase section */

/* Begin PBXSourcesBuildPhase section */
		9098C90729A35109000B81DA /* Sources */ = {
			isa = PBXSourcesBuildPhase;
			buildActionMask = 2147483647;
			files = (
				9028C00929C2422C002BBDBE /* ReminderListDetailView.swift in Sources */,
				9039D60C29C0A8CB00377E42 /* ReminderListsView.swift in Sources */,
				9036BB7929C34CDC00E3EBA4 /* ReminderListView.swift in Sources */,
				908D287129C4ECB8004A7E7C /* ReminderEditConfig.swift in Sources */,
				9098C91129A35109000B81DA /* HomeView.swift in Sources */,
				905E6DEF29C39415005083C3 /* ReminderCellView.swift in Sources */,
				908D286F29C4EAAF004A7E7C /* CustomOperators.swift in Sources */,
				9015EB1D29A35C0E002F4E24 /* RemindersModel.xcdatamodeld in Sources */,
				9015EB2029A35C68002F4E24 /* MyList+CoreData.swift in Sources */,
				908D286D29C4E7AA004A7E7C /* ReminderDetailView.swift in Sources */,
				9039D60A29C09AD800377E42 /* UIColorTransformer.swift in Sources */,
				9039D60729C0995F00377E42 /* RemindersService.swift in Sources */,
				9015EB2929A49A0D002F4E24 /* ColorPickerView.swift in Sources */,
				9015EB2729A49894002F4E24 /* AddNewListView.swift in Sources */,
				9039D61029C0AAD500377E42 /* PreviewData.swift in Sources */,
				9098C90F29A35109000B81DA /* RemindersApp.swift in Sources */,
				9039D60E29C0A9CE00377E42 /* ReminderListCellView.swift in Sources */,
				90EEB6F529D1657E006D6CD5 /* SelectListView.swift in Sources */,
				9015EB1A29A353A5002F4E24 /* CoreDataProvider.swift in Sources */,
			);
			runOnlyForDeploymentPostprocessing = 0;
		};
/* End PBXSourcesBuildPhase section */

/* Begin XCBuildConfiguration section */
		9098C91729A3510A000B81DA /* Debug */ = {
			isa = XCBuildConfiguration;
			buildSettings = {
				ALWAYS_SEARCH_USER_PATHS = NO;
				CLANG_ANALYZER_NONNULL = YES;
				CLANG_ANALYZER_NUMBER_OBJECT_CONVERSION = YES_AGGRESSIVE;
				CLANG_CXX_LANGUAGE_STANDARD = "gnu++20";
				CLANG_ENABLE_MODULES = YES;
				CLANG_ENABLE_OBJC_ARC = YES;
				CLANG_ENABLE_OBJC_WEAK = YES;
				CLANG_WARN_BLOCK_CAPTURE_AUTORELEASING = YES;
				CLANG_WARN_BOOL_CONVERSION = YES;
				CLANG_WARN_COMMA = YES;
				CLANG_WARN_CONSTANT_CONVERSION = YES;
				CLANG_WARN_DEPRECATED_OBJC_IMPLEMENTATIONS = YES;
				CLANG_WARN_DIRECT_OBJC_ISA_USAGE = YES_ERROR;
				CLANG_WARN_DOCUMENTATION_COMMENTS = YES;
				CLANG_WARN_EMPTY_BODY = YES;
				CLANG_WARN_ENUM_CONVERSION = YES;
				CLANG_WARN_INFINITE_RECURSION = YES;
				CLANG_WARN_INT_CONVERSION = YES;
				CLANG_WARN_NON_LITERAL_NULL_CONVERSION = YES;
				CLANG_WARN_OBJC_IMPLICIT_RETAIN_SELF = YES;
				CLANG_WARN_OBJC_LITERAL_CONVERSION = YES;
				CLANG_WARN_OBJC_ROOT_CLASS = YES_ERROR;
				CLANG_WARN_QUOTED_INCLUDE_IN_FRAMEWORK_HEADER = YES;
				CLANG_WARN_RANGE_LOOP_ANALYSIS = YES;
				CLANG_WARN_STRICT_PROTOTYPES = YES;
				CLANG_WARN_SUSPICIOUS_MOVE = YES;
				CLANG_WARN_UNGUARDED_AVAILABILITY = YES_AGGRESSIVE;
				CLANG_WARN_UNREACHABLE_CODE = YES;
				CLANG_WARN__DUPLICATE_METHOD_MATCH = YES;
				COPY_PHASE_STRIP = NO;
				DEBUG_INFORMATION_FORMAT = dwarf;
				ENABLE_STRICT_OBJC_MSGSEND = YES;
				ENABLE_TESTABILITY = YES;
				GCC_C_LANGUAGE_STANDARD = gnu11;
				GCC_DYNAMIC_NO_PIC = NO;
				GCC_NO_COMMON_BLOCKS = YES;
				GCC_OPTIMIZATION_LEVEL = 0;
				GCC_PREPROCESSOR_DEFINITIONS = (
					"DEBUG=1",
					"$(inherited)",
				);
				GCC_WARN_64_TO_32_BIT_CONVERSION = YES;
				GCC_WARN_ABOUT_RETURN_TYPE = YES_ERROR;
				GCC_WARN_UNDECLARED_SELECTOR = YES;
				GCC_WARN_UNINITIALIZED_AUTOS = YES_AGGRESSIVE;
				GCC_WARN_UNUSED_FUNCTION = YES;
				GCC_WARN_UNUSED_VARIABLE = YES;
				IPHONEOS_DEPLOYMENT_TARGET = 16.2;
				MTL_ENABLE_DEBUG_INFO = INCLUDE_SOURCE;
				MTL_FAST_MATH = YES;
				ONLY_ACTIVE_ARCH = YES;
				SDKROOT = iphoneos;
				SWIFT_ACTIVE_COMPILATION_CONDITIONS = DEBUG;
				SWIFT_OPTIMIZATION_LEVEL = "-Onone";
			};
			name = Debug;
		};
		9098C91829A3510A000B81DA /* Release */ = {
			isa = XCBuildConfiguration;
			buildSettings = {
				ALWAYS_SEARCH_USER_PATHS = NO;
				CLANG_ANALYZER_NONNULL = YES;
				CLANG_ANALYZER_NUMBER_OBJECT_CONVERSION = YES_AGGRESSIVE;
				CLANG_CXX_LANGUAGE_STANDARD = "gnu++20";
				CLANG_ENABLE_MODULES = YES;
				CLANG_ENABLE_OBJC_ARC = YES;
				CLANG_ENABLE_OBJC_WEAK = YES;
				CLANG_WARN_BLOCK_CAPTURE_AUTORELEASING = YES;
				CLANG_WARN_BOOL_CONVERSION = YES;
				CLANG_WARN_COMMA = YES;
				CLANG_WARN_CONSTANT_CONVERSION = YES;
				CLANG_WARN_DEPRECATED_OBJC_IMPLEMENTATIONS = YES;
				CLANG_WARN_DIRECT_OBJC_ISA_USAGE = YES_ERROR;
				CLANG_WARN_DOCUMENTATION_COMMENTS = YES;
				CLANG_WARN_EMPTY_BODY = YES;
				CLANG_WARN_ENUM_CONVERSION = YES;
				CLANG_WARN_INFINITE_RECURSION = YES;
				CLANG_WARN_INT_CONVERSION = YES;
				CLANG_WARN_NON_LITERAL_NULL_CONVERSION = YES;
				CLANG_WARN_OBJC_IMPLICIT_RETAIN_SELF = YES;
				CLANG_WARN_OBJC_LITERAL_CONVERSION = YES;
				CLANG_WARN_OBJC_ROOT_CLASS = YES_ERROR;
				CLANG_WARN_QUOTED_INCLUDE_IN_FRAMEWORK_HEADER = YES;
				CLANG_WARN_RANGE_LOOP_ANALYSIS = YES;
				CLANG_WARN_STRICT_PROTOTYPES = YES;
				CLANG_WARN_SUSPICIOUS_MOVE = YES;
				CLANG_WARN_UNGUARDED_AVAILABILITY = YES_AGGRESSIVE;
				CLANG_WARN_UNREACHABLE_CODE = YES;
				CLANG_WARN__DUPLICATE_METHOD_MATCH = YES;
				COPY_PHASE_STRIP = NO;
				DEBUG_INFORMATION_FORMAT = "dwarf-with-dsym";
				ENABLE_NS_ASSERTIONS = NO;
				ENABLE_STRICT_OBJC_MSGSEND = YES;
				GCC_C_LANGUAGE_STANDARD = gnu11;
				GCC_NO_COMMON_BLOCKS = YES;
				GCC_WARN_64_TO_32_BIT_CONVERSION = YES;
				GCC_WARN_ABOUT_RETURN_TYPE = YES_ERROR;
				GCC_WARN_UNDECLARED_SELECTOR = YES;
				GCC_WARN_UNINITIALIZED_AUTOS = YES_AGGRESSIVE;
				GCC_WARN_UNUSED_FUNCTION = YES;
				GCC_WARN_UNUSED_VARIABLE = YES;
				IPHONEOS_DEPLOYMENT_TARGET = 16.2;
				MTL_ENABLE_DEBUG_INFO = NO;
				MTL_FAST_MATH = YES;
				SDKROOT = iphoneos;
				SWIFT_COMPILATION_MODE = wholemodule;
				SWIFT_OPTIMIZATION_LEVEL = "-O";
				VALIDATE_PRODUCT = YES;
			};
			name = Release;
		};
		9098C91A29A3510A000B81DA /* Debug */ = {
			isa = XCBuildConfiguration;
			buildSettings = {
				ASSETCATALOG_COMPILER_APPICON_NAME = AppIcon;
				ASSETCATALOG_COMPILER_GLOBAL_ACCENT_COLOR_NAME = AccentColor;
				CODE_SIGN_STYLE = Automatic;
				CURRENT_PROJECT_VERSION = 1;
				DEVELOPMENT_ASSET_PATHS = "\"RemindersApp/Preview Content\"";
				ENABLE_PREVIEWS = YES;
				GENERATE_INFOPLIST_FILE = YES;
				INFOPLIST_KEY_UIApplicationSceneManifest_Generation = YES;
				INFOPLIST_KEY_UIApplicationSupportsIndirectInputEvents = YES;
				INFOPLIST_KEY_UILaunchScreen_Generation = YES;
				INFOPLIST_KEY_UISupportedInterfaceOrientations_iPad = "UIInterfaceOrientationPortrait UIInterfaceOrientationPortraitUpsideDown UIInterfaceOrientationLandscapeLeft UIInterfaceOrientationLandscapeRight";
				INFOPLIST_KEY_UISupportedInterfaceOrientations_iPhone = "UIInterfaceOrientationPortrait UIInterfaceOrientationLandscapeLeft UIInterfaceOrientationLandscapeRight";
				LD_RUNPATH_SEARCH_PATHS = (
					"$(inherited)",
					"@executable_path/Frameworks",
				);
				MARKETING_VERSION = 1.0;
				PRODUCT_BUNDLE_IDENTIFIER = com.svmLogics.RemindersApp;
				PRODUCT_NAME = "$(TARGET_NAME)";
				SWIFT_EMIT_LOC_STRINGS = YES;
				SWIFT_VERSION = 5.0;
				TARGETED_DEVICE_FAMILY = "1,2";
			};
			name = Debug;
		};
		9098C91B29A3510A000B81DA /* Release */ = {
			isa = XCBuildConfiguration;
			buildSettings = {
				ASSETCATALOG_COMPILER_APPICON_NAME = AppIcon;
				ASSETCATALOG_COMPILER_GLOBAL_ACCENT_COLOR_NAME = AccentColor;
				CODE_SIGN_STYLE = Automatic;
				CURRENT_PROJECT_VERSION = 1;
				DEVELOPMENT_ASSET_PATHS = "\"RemindersApp/Preview Content\"";
				ENABLE_PREVIEWS = YES;
				GENERATE_INFOPLIST_FILE = YES;
				INFOPLIST_KEY_UIApplicationSceneManifest_Generation = YES;
				INFOPLIST_KEY_UIApplicationSupportsIndirectInputEvents = YES;
				INFOPLIST_KEY_UILaunchScreen_Generation = YES;
				INFOPLIST_KEY_UISupportedInterfaceOrientations_iPad = "UIInterfaceOrientationPortrait UIInterfaceOrientationPortraitUpsideDown UIInterfaceOrientationLandscapeLeft UIInterfaceOrientationLandscapeRight";
				INFOPLIST_KEY_UISupportedInterfaceOrientations_iPhone = "UIInterfaceOrientationPortrait UIInterfaceOrientationLandscapeLeft UIInterfaceOrientationLandscapeRight";
				LD_RUNPATH_SEARCH_PATHS = (
					"$(inherited)",
					"@executable_path/Frameworks",
				);
				MARKETING_VERSION = 1.0;
				PRODUCT_BUNDLE_IDENTIFIER = com.svmLogics.RemindersApp;
				PRODUCT_NAME = "$(TARGET_NAME)";
				SWIFT_EMIT_LOC_STRINGS = YES;
				SWIFT_VERSION = 5.0;
				TARGETED_DEVICE_FAMILY = "1,2";
			};
			name = Release;
		};
/* End XCBuildConfiguration section */

/* Begin XCConfigurationList section */
		9098C90629A35109000B81DA /* Build configuration list for PBXProject "RemindersApp" */ = {
			isa = XCConfigurationList;
			buildConfigurations = (
				9098C91729A3510A000B81DA /* Debug */,
				9098C91829A3510A000B81DA /* Release */,
			);
			defaultConfigurationIsVisible = 0;
			defaultConfigurationName = Release;
		};
		9098C91929A3510A000B81DA /* Build configuration list for PBXNativeTarget "RemindersApp" */ = {
			isa = XCConfigurationList;
			buildConfigurations = (
				9098C91A29A3510A000B81DA /* Debug */,
				9098C91B29A3510A000B81DA /* Release */,
			);
			defaultConfigurationIsVisible = 0;
			defaultConfigurationName = Release;
		};
/* End XCConfigurationList section */

/* Begin XCVersionGroup section */
		9015EB1B29A35C0E002F4E24 /* RemindersModel.xcdatamodeld */ = {
			isa = XCVersionGroup;
			children = (
				9015EB1C29A35C0E002F4E24 /* RemindersModel.xcdatamodel */,
			);
			currentVersion = 9015EB1C29A35C0E002F4E24 /* RemindersModel.xcdatamodel */;
			path = RemindersModel.xcdatamodeld;
			sourceTree = "<group>";
			versionGroupType = wrapper.xcdatamodel;
		};
/* End XCVersionGroup section */
	};
	rootObject = 9098C90329A35109000B81DA /* Project object */;
}
